// !$*UTF8*$!
{
	archiveVersion = 1;
	classes = {
	};
	objectVersion = 77;
	objects = {

/* Begin PBXContainerItemProxy section */
		F5D4B0DD2CAB42F500760766 /* PBXContainerItemProxy */ = {
			isa = PBXContainerItemProxy;
			containerPortal = F5D4B0C42CAB42F400760766 /* Project object */;
			proxyType = 1;
			remoteGlobalIDString = F5D4B0CB2CAB42F400760766;
			remoteInfo = IssueDemo1157;
		};
		F5D4B0E72CAB42F500760766 /* PBXContainerItemProxy */ = {
			isa = PBXContainerItemProxy;
			containerPortal = F5D4B0C42CAB42F400760766 /* Project object */;
			proxyType = 1;
			remoteGlobalIDString = F5D4B0CB2CAB42F400760766;
			remoteInfo = IssueDemo1157;
		};
/* End PBXContainerItemProxy section */

/* Begin PBXFileReference section */
		F5D4B0CC2CAB42F400760766 /* IssueDemo1157.app */ = {isa = PBXFileReference; explicitFileType = wrapper.application; includeInIndex = 0; path = IssueDemo1157.app; sourceTree = BUILT_PRODUCTS_DIR; };
		F5D4B0DC2CAB42F500760766 /* IssueDemo1157Tests.xctest */ = {isa = PBXFileReference; explicitFileType = wrapper.cfbundle; includeInIndex = 0; path = IssueDemo1157Tests.xctest; sourceTree = BUILT_PRODUCTS_DIR; };
		F5D4B0E62CAB42F500760766 /* IssueDemo1157UITests.xctest */ = {isa = PBXFileReference; explicitFileType = wrapper.cfbundle; includeInIndex = 0; path = IssueDemo1157UITests.xctest; sourceTree = BUILT_PRODUCTS_DIR; };
/* End PBXFileReference section */

/* Begin PBXFileSystemSynchronizedRootGroup section */
		F5D4B0CE2CAB42F400760766 /* IssueDemo1157 */ = {
			isa = PBXFileSystemSynchronizedRootGroup;
			path = IssueDemo1157;
			sourceTree = "<group>";
		};
		F5D4B0DF2CAB42F500760766 /* IssueDemo1157Tests */ = {
			isa = PBXFileSystemSynchronizedRootGroup;
			path = IssueDemo1157Tests;
			sourceTree = "<group>";
		};
		F5D4B0E92CAB42F500760766 /* IssueDemo1157UITests */ = {
			isa = PBXFileSystemSynchronizedRootGroup;
			path = IssueDemo1157UITests;
			sourceTree = "<group>";
		};
/* End PBXFileSystemSynchronizedRootGroup section */

/* Begin PBXFrameworksBuildPhase section */
		F5D4B0C92CAB42F400760766 /* Frameworks */ = {
			isa = PBXFrameworksBuildPhase;
			buildActionMask = 2147483647;
			files = (
			);
			runOnlyForDeploymentPostprocessing = 0;
		};
		F5D4B0D92CAB42F500760766 /* Frameworks */ = {
			isa = PBXFrameworksBuildPhase;
			buildActionMask = 2147483647;
			files = (
			);
			runOnlyForDeploymentPostprocessing = 0;
		};
		F5D4B0E32CAB42F500760766 /* Frameworks */ = {
			isa = PBXFrameworksBuildPhase;
			buildActionMask = 2147483647;
			files = (
			);
			runOnlyForDeploymentPostprocessing = 0;
		};
/* End PBXFrameworksBuildPhase section */

/* Begin PBXGroup section */
		F5D4B0C32CAB42F400760766 = {
			isa = PBXGroup;
			children = (
				F5D4B0CE2CAB42F400760766 /* IssueDemo1157 */,
				F5D4B0DF2CAB42F500760766 /* IssueDemo1157Tests */,
				F5D4B0E92CAB42F500760766 /* IssueDemo1157UITests */,
				F5D4B0CD2CAB42F400760766 /* Products */,
			);
			sourceTree = "<group>";
		};
		F5D4B0CD2CAB42F400760766 /* Products */ = {
			isa = PBXGroup;
			children = (
				F5D4B0CC2CAB42F400760766 /* IssueDemo1157.app */,
				F5D4B0DC2CAB42F500760766 /* IssueDemo1157Tests.xctest */,
				F5D4B0E62CAB42F500760766 /* IssueDemo1157UITests.xctest */,
			);
			name = Products;
			sourceTree = "<group>";
		};
/* End PBXGroup section */

/* Begin PBXNativeTarget section */
		F5D4B0CB2CAB42F400760766 /* IssueDemo1157 */ = {
			isa = PBXNativeTarget;
			buildConfigurationList = F5D4B0F02CAB42F500760766 /* Build configuration list for PBXNativeTarget "IssueDemo1157" */;
			buildPhases = (
				F5D4B0C82CAB42F400760766 /* Sources */,
				F5D4B0C92CAB42F400760766 /* Frameworks */,
				F5D4B0CA2CAB42F400760766 /* Resources */,
			);
			buildRules = (
			);
			dependencies = (
			);
			fileSystemSynchronizedGroups = (
				F5D4B0CE2CAB42F400760766 /* IssueDemo1157 */,
			);
			name = IssueDemo1157;
			packageProductDependencies = (
			);
			productName = IssueDemo1157;
			productReference = F5D4B0CC2CAB42F400760766 /* IssueDemo1157.app */;
			productType = "com.apple.product-type.application";
		};
		F5D4B0DB2CAB42F500760766 /* IssueDemo1157Tests */ = {
			isa = PBXNativeTarget;
			buildConfigurationList = F5D4B0F32CAB42F500760766 /* Build configuration list for PBXNativeTarget "IssueDemo1157Tests" */;
			buildPhases = (
				F5D4B0D82CAB42F500760766 /* Sources */,
				F5D4B0D92CAB42F500760766 /* Frameworks */,
				F5D4B0DA2CAB42F500760766 /* Resources */,
			);
			buildRules = (
			);
			dependencies = (
				F5D4B0DE2CAB42F500760766 /* PBXTargetDependency */,
			);
			fileSystemSynchronizedGroups = (
				F5D4B0DF2CAB42F500760766 /* IssueDemo1157Tests */,
			);
			name = IssueDemo1157Tests;
			packageProductDependencies = (
			);
			productName = IssueDemo1157Tests;
			productReference = F5D4B0DC2CAB42F500760766 /* IssueDemo1157Tests.xctest */;
			productType = "com.apple.product-type.bundle.unit-test";
		};
		F5D4B0E52CAB42F500760766 /* IssueDemo1157UITests */ = {
			isa = PBXNativeTarget;
			buildConfigurationList = F5D4B0F62CAB42F500760766 /* Build configuration list for PBXNativeTarget "IssueDemo1157UITests" */;
			buildPhases = (
				F5D4B0E22CAB42F500760766 /* Sources */,
				F5D4B0E32CAB42F500760766 /* Frameworks */,
				F5D4B0E42CAB42F500760766 /* Resources */,
			);
			buildRules = (
			);
			dependencies = (
				F5D4B0E82CAB42F500760766 /* PBXTargetDependency */,
			);
			fileSystemSynchronizedGroups = (
				F5D4B0E92CAB42F500760766 /* IssueDemo1157UITests */,
			);
			name = IssueDemo1157UITests;
			packageProductDependencies = (
			);
			productName = IssueDemo1157UITests;
			productReference = F5D4B0E62CAB42F500760766 /* IssueDemo1157UITests.xctest */;
			productType = "com.apple.product-type.bundle.ui-testing";
		};
/* End PBXNativeTarget section */

/* Begin PBXProject section */
		F5D4B0C42CAB42F400760766 /* Project object */ = {
			isa = PBXProject;
			attributes = {
				BuildIndependentTargetsInParallel = 1;
				LastSwiftUpdateCheck = 1600;
				LastUpgradeCheck = 1600;
				TargetAttributes = {
					F5D4B0CB2CAB42F400760766 = {
						CreatedOnToolsVersion = 16.0;
					};
					F5D4B0DB2CAB42F500760766 = {
						CreatedOnToolsVersion = 16.0;
						TestTargetID = F5D4B0CB2CAB42F400760766;
					};
					F5D4B0E52CAB42F500760766 = {
						CreatedOnToolsVersion = 16.0;
						TestTargetID = F5D4B0CB2CAB42F400760766;
					};
				};
			};
			buildConfigurationList = F5D4B0C72CAB42F400760766 /* Build configuration list for PBXProject "IssueDemo1157" */;
			developmentRegion = en;
			hasScannedForEncodings = 0;
			knownRegions = (
				en,
				Base,
			);
			mainGroup = F5D4B0C32CAB42F400760766;
			minimizedProjectReferenceProxies = 1;
			preferredProjectObjectVersion = 77;
			productRefGroup = F5D4B0CD2CAB42F400760766 /* Products */;
			projectDirPath = "";
			projectRoot = "";
			targets = (
				F5D4B0CB2CAB42F400760766 /* IssueDemo1157 */,
				F5D4B0DB2CAB42F500760766 /* IssueDemo1157Tests */,
				F5D4B0E52CAB42F500760766 /* IssueDemo1157UITests */,
			);
		};
/* End PBXProject section */

/* Begin PBXResourcesBuildPhase section */
		F5D4B0CA2CAB42F400760766 /* Resources */ = {
			isa = PBXResourcesBuildPhase;
			buildActionMask = 2147483647;
			files = (
			);
			runOnlyForDeploymentPostprocessing = 0;
		};
		F5D4B0DA2CAB42F500760766 /* Resources */ = {
			isa = PBXResourcesBuildPhase;
			buildActionMask = 2147483647;
			files = (
			);
			runOnlyForDeploymentPostprocessing = 0;
		};
		F5D4B0E42CAB42F500760766 /* Resources */ = {
			isa = PBXResourcesBuildPhase;
			buildActionMask = 2147483647;
			files = (
			);
			runOnlyForDeploymentPostprocessing = 0;
		};
/* End PBXResourcesBuildPhase section */

/* Begin PBXSourcesBuildPhase section */
		F5D4B0C82CAB42F400760766 /* Sources */ = {
			isa = PBXSourcesBuildPhase;
			buildActionMask = 2147483647;
			files = (
			);
			runOnlyForDeploymentPostprocessing = 0;
		};
		F5D4B0D82CAB42F500760766 /* Sources */ = {
			isa = PBXSourcesBuildPhase;
			buildActionMask = 2147483647;
			files = (
			);
			runOnlyForDeploymentPostprocessing = 0;
		};
		F5D4B0E22CAB42F500760766 /* Sources */ = {
			isa = PBXSourcesBuildPhase;
			buildActionMask = 2147483647;
			files = (
			);
			runOnlyForDeploymentPostprocessing = 0;
		};
/* End PBXSourcesBuildPhase section */

/* Begin PBXTargetDependency section */
		F5D4B0DE2CAB42F500760766 /* PBXTargetDependency */ = {
			isa = PBXTargetDependency;
			target = F5D4B0CB2CAB42F400760766 /* IssueDemo1157 */;
			targetProxy = F5D4B0DD2CAB42F500760766 /* PBXContainerItemProxy */;
		};
		F5D4B0E82CAB42F500760766 /* PBXTargetDependency */ = {
			isa = PBXTargetDependency;
			target = F5D4B0CB2CAB42F400760766 /* IssueDemo1157 */;
			targetProxy = F5D4B0E72CAB42F500760766 /* PBXContainerItemProxy */;
		};
/* End PBXTargetDependency section */

/* Begin XCBuildConfiguration section */
		F5D4B0EE2CAB42F500760766 /* Debug */ = {
			isa = XCBuildConfiguration;
			buildSettings = {
				ALWAYS_SEARCH_USER_PATHS = NO;
				ASSETCATALOG_COMPILER_GENERATE_SWIFT_ASSET_SYMBOL_EXTENSIONS = YES;
				CLANG_ANALYZER_NONNULL = YES;
				CLANG_ANALYZER_NUMBER_OBJECT_CONVERSION = YES_AGGRESSIVE;
				CLANG_CXX_LANGUAGE_STANDARD = "gnu++20";
				CLANG_ENABLE_MODULES = YES;
				CLANG_ENABLE_OBJC_ARC = YES;
				CLANG_ENABLE_OBJC_WEAK = YES;
				CLANG_WARN_BLOCK_CAPTURE_AUTORELEASING = YES;
				CLANG_WARN_BOOL_CONVERSION = YES;
				CLANG_WARN_COMMA = YES;
				CLANG_WARN_CONSTANT_CONVERSION = YES;
				CLANG_WARN_DEPRECATED_OBJC_IMPLEMENTATIONS = YES;
				CLANG_WARN_DIRECT_OBJC_ISA_USAGE = YES_ERROR;
				CLANG_WARN_DOCUMENTATION_COMMENTS = YES;
				CLANG_WARN_EMPTY_BODY = YES;
				CLANG_WARN_ENUM_CONVERSION = YES;
				CLANG_WARN_INFINITE_RECURSION = YES;
				CLANG_WARN_INT_CONVERSION = YES;
				CLANG_WARN_NON_LITERAL_NULL_CONVERSION = YES;
				CLANG_WARN_OBJC_IMPLICIT_RETAIN_SELF = YES;
				CLANG_WARN_OBJC_LITERAL_CONVERSION = YES;
				CLANG_WARN_OBJC_ROOT_CLASS = YES_ERROR;
				CLANG_WARN_QUOTED_INCLUDE_IN_FRAMEWORK_HEADER = YES;
				CLANG_WARN_RANGE_LOOP_ANALYSIS = YES;
				CLANG_WARN_STRICT_PROTOTYPES = YES;
				CLANG_WARN_SUSPICIOUS_MOVE = YES;
				CLANG_WARN_UNGUARDED_AVAILABILITY = YES_AGGRESSIVE;
				CLANG_WARN_UNREACHABLE_CODE = YES;
				CLANG_WARN__DUPLICATE_METHOD_MATCH = YES;
				COPY_PHASE_STRIP = NO;
				DEBUG_INFORMATION_FORMAT = dwarf;
				ENABLE_STRICT_OBJC_MSGSEND = YES;
				ENABLE_TESTABILITY = YES;
				ENABLE_USER_SCRIPT_SANDBOXING = YES;
				GCC_C_LANGUAGE_STANDARD = gnu17;
				GCC_DYNAMIC_NO_PIC = NO;
				GCC_NO_COMMON_BLOCKS = YES;
				GCC_OPTIMIZATION_LEVEL = 0;
				GCC_PREPROCESSOR_DEFINITIONS = (
					"DEBUG=1",
					"$(inherited)",
				);
				GCC_WARN_64_TO_32_BIT_CONVERSION = YES;
				GCC_WARN_ABOUT_RETURN_TYPE = YES_ERROR;
				GCC_WARN_UNDECLARED_SELECTOR = YES;
				GCC_WARN_UNINITIALIZED_AUTOS = YES_AGGRESSIVE;
				GCC_WARN_UNUSED_FUNCTION = YES;
				GCC_WARN_UNUSED_VARIABLE = YES;
				IPHONEOS_DEPLOYMENT_TARGET = 18.0;
				LOCALIZATION_PREFERS_STRING_CATALOGS = YES;
				MTL_ENABLE_DEBUG_INFO = INCLUDE_SOURCE;
				MTL_FAST_MATH = YES;
				ONLY_ACTIVE_ARCH = YES;
				SDKROOT = iphoneos;
				SWIFT_ACTIVE_COMPILATION_CONDITIONS = "DEBUG $(inherited)";
				SWIFT_OPTIMIZATION_LEVEL = "-Onone";
			};
			name = Debug;
		};
		F5D4B0EF2CAB42F500760766 /* Release */ = {
			isa = XCBuildConfiguration;
			buildSettings = {
				ALWAYS_SEARCH_USER_PATHS = NO;
				ASSETCATALOG_COMPILER_GENERATE_SWIFT_ASSET_SYMBOL_EXTENSIONS = YES;
				CLANG_ANALYZER_NONNULL = YES;
				CLANG_ANALYZER_NUMBER_OBJECT_CONVERSION = YES_AGGRESSIVE;
				CLANG_CXX_LANGUAGE_STANDARD = "gnu++20";
				CLANG_ENABLE_MODULES = YES;
				CLANG_ENABLE_OBJC_ARC = YES;
				CLANG_ENABLE_OBJC_WEAK = YES;
				CLANG_WARN_BLOCK_CAPTURE_AUTORELEASING = YES;
				CLANG_WARN_BOOL_CONVERSION = YES;
				CLANG_WARN_COMMA = YES;
				CLANG_WARN_CONSTANT_CONVERSION = YES;
				CLANG_WARN_DEPRECATED_OBJC_IMPLEMENTATIONS = YES;
				CLANG_WARN_DIRECT_OBJC_ISA_USAGE = YES_ERROR;
				CLANG_WARN_DOCUMENTATION_COMMENTS = YES;
				CLANG_WARN_EMPTY_BODY = YES;
				CLANG_WARN_ENUM_CONVERSION = YES;
				CLANG_WARN_INFINITE_RECURSION = YES;
				CLANG_WARN_INT_CONVERSION = YES;
				CLANG_WARN_NON_LITERAL_NULL_CONVERSION = YES;
				CLANG_WARN_OBJC_IMPLICIT_RETAIN_SELF = YES;
				CLANG_WARN_OBJC_LITERAL_CONVERSION = YES;
				CLANG_WARN_OBJC_ROOT_CLASS = YES_ERROR;
				CLANG_WARN_QUOTED_INCLUDE_IN_FRAMEWORK_HEADER = YES;
				CLANG_WARN_RANGE_LOOP_ANALYSIS = YES;
				CLANG_WARN_STRICT_PROTOTYPES = YES;
				CLANG_WARN_SUSPICIOUS_MOVE = YES;
				CLANG_WARN_UNGUARDED_AVAILABILITY = YES_AGGRESSIVE;
				CLANG_WARN_UNREACHABLE_CODE = YES;
				CLANG_WARN__DUPLICATE_METHOD_MATCH = YES;
				COPY_PHASE_STRIP = NO;
				DEBUG_INFORMATION_FORMAT = "dwarf-with-dsym";
				ENABLE_NS_ASSERTIONS = NO;
				ENABLE_STRICT_OBJC_MSGSEND = YES;
				ENABLE_USER_SCRIPT_SANDBOXING = YES;
				GCC_C_LANGUAGE_STANDARD = gnu17;
				GCC_NO_COMMON_BLOCKS = YES;
				GCC_WARN_64_TO_32_BIT_CONVERSION = YES;
				GCC_WARN_ABOUT_RETURN_TYPE = YES_ERROR;
				GCC_WARN_UNDECLARED_SELECTOR = YES;
				GCC_WARN_UNINITIALIZED_AUTOS = YES_AGGRESSIVE;
				GCC_WARN_UNUSED_FUNCTION = YES;
				GCC_WARN_UNUSED_VARIABLE = YES;
				IPHONEOS_DEPLOYMENT_TARGET = 18.0;
				LOCALIZATION_PREFERS_STRING_CATALOGS = YES;
				MTL_ENABLE_DEBUG_INFO = NO;
				MTL_FAST_MATH = YES;
				SDKROOT = iphoneos;
				SWIFT_COMPILATION_MODE = wholemodule;
				VALIDATE_PRODUCT = YES;
			};
			name = Release;
		};
		F5D4B0F12CAB42F500760766 /* Debug */ = {
			isa = XCBuildConfiguration;
			buildSettings = {
				ASSETCATALOG_COMPILER_APPICON_NAME = AppIcon;
				ASSETCATALOG_COMPILER_GLOBAL_ACCENT_COLOR_NAME = AccentColor;
				CODE_SIGN_STYLE = Automatic;
				CURRENT_PROJECT_VERSION = 1;
				DEVELOPMENT_ASSET_PATHS = "\"IssueDemo1157/Preview Content\"";
				DEVELOPMENT_TEAM = CL6KSN5R2Z;
				ENABLE_PREVIEWS = YES;
				GENERATE_INFOPLIST_FILE = YES;
				INFOPLIST_KEY_UIApplicationSceneManifest_Generation = YES;
				INFOPLIST_KEY_UIApplicationSupportsIndirectInputEvents = YES;
				INFOPLIST_KEY_UILaunchScreen_Generation = YES;
				INFOPLIST_KEY_UISupportedInterfaceOrientations_iPad = "UIInterfaceOrientationPortrait UIInterfaceOrientationPortraitUpsideDown UIInterfaceOrientationLandscapeLeft UIInterfaceOrientationLandscapeRight";
				INFOPLIST_KEY_UISupportedInterfaceOrientations_iPhone = "UIInterfaceOrientationPortrait UIInterfaceOrientationLandscapeLeft UIInterfaceOrientationLandscapeRight";
				LD_RUNPATH_SEARCH_PATHS = (
					"$(inherited)",
					"@executable_path/Frameworks",
				);
				MARKETING_VERSION = 1.0;
				PRODUCT_BUNDLE_IDENTIFIER = org.fraune.IssueDemo1157;
				PRODUCT_NAME = "$(TARGET_NAME)";
				SWIFT_EMIT_LOC_STRINGS = YES;
				SWIFT_VERSION = 5.0;
				TARGETED_DEVICE_FAMILY = "1,2";
			};
			name = Debug;
		};
		F5D4B0F22CAB42F500760766 /* Release */ = {
			isa = XCBuildConfiguration;
			buildSettings = {
				ASSETCATALOG_COMPILER_APPICON_NAME = AppIcon;
				ASSETCATALOG_COMPILER_GLOBAL_ACCENT_COLOR_NAME = AccentColor;
				CODE_SIGN_STYLE = Automatic;
				CURRENT_PROJECT_VERSION = 1;
				DEVELOPMENT_ASSET_PATHS = "\"IssueDemo1157/Preview Content\"";
				DEVELOPMENT_TEAM = CL6KSN5R2Z;
				ENABLE_PREVIEWS = YES;
				GENERATE_INFOPLIST_FILE = YES;
				INFOPLIST_KEY_UIApplicationSceneManifest_Generation = YES;
				INFOPLIST_KEY_UIApplicationSupportsIndirectInputEvents = YES;
				INFOPLIST_KEY_UILaunchScreen_Generation = YES;
				INFOPLIST_KEY_UISupportedInterfaceOrientations_iPad = "UIInterfaceOrientationPortrait UIInterfaceOrientationPortraitUpsideDown UIInterfaceOrientationLandscapeLeft UIInterfaceOrientationLandscapeRight";
				INFOPLIST_KEY_UISupportedInterfaceOrientations_iPhone = "UIInterfaceOrientationPortrait UIInterfaceOrientationLandscapeLeft UIInterfaceOrientationLandscapeRight";
				LD_RUNPATH_SEARCH_PATHS = (
					"$(inherited)",
					"@executable_path/Frameworks",
				);
				MARKETING_VERSION = 1.0;
				PRODUCT_BUNDLE_IDENTIFIER = org.fraune.IssueDemo1157;
				PRODUCT_NAME = "$(TARGET_NAME)";
				SWIFT_EMIT_LOC_STRINGS = YES;
				SWIFT_VERSION = 5.0;
				TARGETED_DEVICE_FAMILY = "1,2";
			};
			name = Release;
		};
		F5D4B0F42CAB42F500760766 /* Debug */ = {
			isa = XCBuildConfiguration;
			buildSettings = {
				BUNDLE_LOADER = "$(TEST_HOST)";
				CODE_SIGN_STYLE = Automatic;
				CURRENT_PROJECT_VERSION = 1;
				DEVELOPMENT_TEAM = CL6KSN5R2Z;
				GENERATE_INFOPLIST_FILE = YES;
				IPHONEOS_DEPLOYMENT_TARGET = 18.0;
				MARKETING_VERSION = 1.0;
				PRODUCT_BUNDLE_IDENTIFIER = org.fraune.IssueDemo1157Tests;
				PRODUCT_NAME = "$(TARGET_NAME)";
				SWIFT_EMIT_LOC_STRINGS = NO;
				SWIFT_VERSION = 5.0;
				TARGETED_DEVICE_FAMILY = "1,2";
				TEST_HOST = "$(BUILT_PRODUCTS_DIR)/IssueDemo1157.app/$(BUNDLE_EXECUTABLE_FOLDER_PATH)/IssueDemo1157";
			};
			name = Debug;
		};
		F5D4B0F52CAB42F500760766 /* Release */ = {
			isa = XCBuildConfiguration;
			buildSettings = {
				BUNDLE_LOADER = "$(TEST_HOST)";
				CODE_SIGN_STYLE = Automatic;
				CURRENT_PROJECT_VERSION = 1;
				DEVELOPMENT_TEAM = CL6KSN5R2Z;
				GENERATE_INFOPLIST_FILE = YES;
				IPHONEOS_DEPLOYMENT_TARGET = 18.0;
				MARKETING_VERSION = 1.0;
				PRODUCT_BUNDLE_IDENTIFIER = org.fraune.IssueDemo1157Tests;
				PRODUCT_NAME = "$(TARGET_NAME)";
				SWIFT_EMIT_LOC_STRINGS = NO;
				SWIFT_VERSION = 5.0;
				TARGETED_DEVICE_FAMILY = "1,2";
				TEST_HOST = "$(BUILT_PRODUCTS_DIR)/IssueDemo1157.app/$(BUNDLE_EXECUTABLE_FOLDER_PATH)/IssueDemo1157";
			};
			name = Release;
		};
		F5D4B0F72CAB42F500760766 /* Debug */ = {
			isa = XCBuildConfiguration;
			buildSettings = {
				CODE_SIGN_STYLE = Automatic;
				CURRENT_PROJECT_VERSION = 1;
				DEVELOPMENT_TEAM = CL6KSN5R2Z;
				GENERATE_INFOPLIST_FILE = YES;
				MARKETING_VERSION = 1.0;
				PRODUCT_BUNDLE_IDENTIFIER = org.fraune.IssueDemo1157UITests;
				PRODUCT_NAME = "$(TARGET_NAME)";
				SWIFT_EMIT_LOC_STRINGS = NO;
				SWIFT_VERSION = 5.0;
				TARGETED_DEVICE_FAMILY = "1,2";
				TEST_TARGET_NAME = IssueDemo1157;
			};
			name = Debug;
		};
		F5D4B0F82CAB42F500760766 /* Release */ = {
			isa = XCBuildConfiguration;
			buildSettings = {
				CODE_SIGN_STYLE = Automatic;
				CURRENT_PROJECT_VERSION = 1;
				DEVELOPMENT_TEAM = CL6KSN5R2Z;
				GENERATE_INFOPLIST_FILE = YES;
				MARKETING_VERSION = 1.0;
				PRODUCT_BUNDLE_IDENTIFIER = org.fraune.IssueDemo1157UITests;
				PRODUCT_NAME = "$(TARGET_NAME)";
				SWIFT_EMIT_LOC_STRINGS = NO;
				SWIFT_VERSION = 5.0;
				TARGETED_DEVICE_FAMILY = "1,2";
				TEST_TARGET_NAME = IssueDemo1157;
			};
			name = Release;
		};
/* End XCBuildConfiguration section */

/* Begin XCConfigurationList section */
		F5D4B0C72CAB42F400760766 /* Build configuration list for PBXProject "IssueDemo1157" */ = {
			isa = XCConfigurationList;
			buildConfigurations = (
				F5D4B0EE2CAB42F500760766 /* Debug */,
				F5D4B0EF2CAB42F500760766 /* Release */,
			);
			defaultConfigurationIsVisible = 0;
			defaultConfigurationName = Release;
		};
		F5D4B0F02CAB42F500760766 /* Build configuration list for PBXNativeTarget "IssueDemo1157" */ = {
			isa = XCConfigurationList;
			buildConfigurations = (
				F5D4B0F12CAB42F500760766 /* Debug */,
				F5D4B0F22CAB42F500760766 /* Release */,
			);
			defaultConfigurationIsVisible = 0;
			defaultConfigurationName = Release;
		};
		F5D4B0F32CAB42F500760766 /* Build configuration list for PBXNativeTarget "IssueDemo1157Tests" */ = {
			isa = XCConfigurationList;
			buildConfigurations = (
				F5D4B0F42CAB42F500760766 /* Debug */,
				F5D4B0F52CAB42F500760766 /* Release */,
			);
			defaultConfigurationIsVisible = 0;
			defaultConfigurationName = Release;
		};
		F5D4B0F62CAB42F500760766 /* Build configuration list for PBXNativeTarget "IssueDemo1157UITests" */ = {
			isa = XCConfigurationList;
			buildConfigurations = (
				F5D4B0F72CAB42F500760766 /* Debug */,
				F5D4B0F82CAB42F500760766 /* Release */,
			);
			defaultConfigurationIsVisible = 0;
			defaultConfigurationName = Release;
		};
/* End XCConfigurationList section */
	};
	rootObject = F5D4B0C42CAB42F400760766 /* Project object */;
}
